{
  "name": "nodejs-dev",
  "version": "1.0.0",
  "lockfileVersion": 2,
  "requires": true,
  "packages": {
    "": {
      "name": "nodejs-dev",
      "version": "1.0.0",
      "license": "ISC",
      "dependencies": {
        "rickmortyapi": "^1.0.0"
      },
      "devDependencies": {
        "@types/node": "^18.11.7",
        "typescript": "^4.8.4"
      }
    },
    "node_modules/@types/node": {
      "version": "18.11.7",
      "resolved": "https://registry.npmjs.org/@types/node/-/node-18.11.7.tgz",
      "integrity": "sha512-LhFTglglr63mNXUSRYD8A+ZAIu5sFqNJ4Y2fPuY7UlrySJH87rRRlhtVmMHplmfk5WkoJGmDjE9oiTfyX94CpQ==",
      "dev": true
    },
    "node_modules/rickmortyapi": {
      "version": "1.0.0",
      "resolved": "https://registry.npmjs.org/rickmortyapi/-/rickmortyapi-1.0.0.tgz",
      "integrity": "sha512-1Qz7pjbJ1HmemkI8sgz+6Lx6TpJ47bu2hz2rmtduCgZCyXl+dD+Orc+0p2avLe/cXZBo7coFSo4sTST6nL8+gQ==",
      "engines": {
        "node": ">= 10"
      }
    },
    "node_modules/typescript": {
      "version": "4.8.4",
      "resolved": "https://registry.npmjs.org/typescript/-/typescript-4.8.4.tgz",
      "integrity": "sha512-QCh+85mCy+h0IGff8r5XWzOVSbBO+KfeYrMQh7NJ58QujwcE22u+NUSmUxqF+un70P9GXKxa2HCNiTTMJknyjQ==",
      "dev": true,
      "bin": {
        "tsc": "bin/tsc",
        "tsserver": "bin/tsserver"
      },
      "engines": {
        "node": ">=4.2.0"
      }
    }
  },
  "dependencies": {
    "@types/node": {
      "version": "18.11.7",
      "resolved": "https://registry.npmjs.org/@types/node/-/node-18.11.7.tgz",
      "integrity": "sha512-LhFTglglr63mNXUSRYD8A+ZAIu5sFqNJ4Y2fPuY7UlrySJH87rRRlhtVmMHplmfk5WkoJGmDjE9oiTfyX94CpQ==",
      "dev": true
    },
    "rickmortyapi": {
      "version": "1.0.0",
      "resolved": "https://registry.npmjs.org/rickmortyapi/-/rickmortyapi-1.0.0.tgz",
      "integrity": "sha512-1Qz7pjbJ1HmemkI8sgz+6Lx6TpJ47bu2hz2rmtduCgZCyXl+dD+Orc+0p2avLe/cXZBo7coFSo4sTST6nL8+gQ=="
    },
    "typescript": {
      "version": "4.8.4",
      "resolved": "https://registry.npmjs.org/typescript/-/typescript-4.8.4.tgz",
      "integrity": "sha512-QCh+85mCy+h0IGff8r5XWzOVSbBO+KfeYrMQh7NJ58QujwcE22u+NUSmUxqF+un70P9GXKxa2HCNiTTMJknyjQ==",
      "dev": true
    }
  }
}
